
Microsoft Visual Studio Solution File, Format Version 12.00
# Visual Studio Version 17
VisualStudioVersion = 17.1.32328.378
MinimumVisualStudioVersion = 10.0.40219.1
Project("{9A19103F-16F7-4668-BE54-9A1E7A4F7556}") = "preview-of-NET-7", "preview-of-NET-7\preview-of-NET-7.csproj", "{D7D7A8F7-F867-4460-81E3-48A910AAEA57}"
EndProject
Project("{2150E333-8FDC-42A3-9474-1A3956D46DE8}") = "Resources", "Resources", "{0B7E9D87-749F-421C-BDCD-DDF25DFCB0AE}"
	ProjectSection(SolutionItems) = preProject
		readme.md = readme.md
	EndProjectSection
EndProject
Global
	GlobalSection(SolutionConfigurationPlatforms) = preSolution
		Debug|Any CPU = Debug|Any CPU
		Release|Any CPU = Release|Any CPU
	EndGlobalSection
	GlobalSection(ProjectConfigurationPlatforms) = postSolution
		{D7D7A8F7-F867-4460-81E3-48A910AAEA57}.Debug|Any CPU.ActiveCfg = Debug|Any CPU
		{D7D7A8F7-F867-4460-81E3-48A910AAEA57}.Debug|Any CPU.Build.0 = Debug|Any CPU
		{D7D7A8F7-F867-4460-81E3-48A910AAEA57}.Release|Any CPU.ActiveCfg = Release|Any CPU
		{D7D7A8F7-F867-4460-81E3-48A910AAEA57}.Release|Any CPU.Build.0 = Release|Any CPU
	EndGlobalSection
	GlobalSection(SolutionProperties) = preSolution
		HideSolutionNode = FALSE
	EndGlobalSection
	GlobalSection(ExtensibilityGlobals) = postSolution
		SolutionGuid = {A89076AD-E1FC-4ED3-BB1F-73CC03C48BFC}
	EndGlobalSection
EndGlobal
